
Microsoft Visual Studio Solution File, Format Version 12.00
# Visual Studio Version 17
VisualStudioVersion = 17.2.32630.192
MinimumVisualStudioVersion = 10.0.40219.1
Project("{FAE04EC0-301F-11D3-BF4B-00C04F79EFBC}") = "PictureBoxAndScrollbarTest", "PictureBoxAndScrollbarTest\PictureBoxAndScrollbarTest.csproj", "{45554AC1-B128-4CED-B6A1-7F513BF509D9}"
EndProject
Global
	GlobalSection(SolutionConfigurationPlatforms) = preSolution
		Debug|Any CPU = Debug|Any CPU
		Release|Any CPU = Release|Any CPU
	EndGlobalSection
	GlobalSection(ProjectConfigurationPlatforms) = postSolution
		{45554AC1-B128-4CED-B6A1-7F513BF509D9}.Debug|Any CPU.ActiveCfg = Debug|Any CPU
		{45554AC1-B128-4CED-B6A1-7F513BF509D9}.Debug|Any CPU.Build.0 = Debug|Any CPU
		{45554AC1-B128-4CED-B6A1-7F513BF509D9}.Release|Any CPU.ActiveCfg = Release|Any CPU
		{45554AC1-B128-4CED-B6A1-7F513BF509D9}.Release|Any CPU.Build.0 = Release|Any CPU
	EndGlobalSection
	GlobalSection(SolutionProperties) = preSolution
		HideSolutionNode = FALSE
	EndGlobalSection
	GlobalSection(ExtensibilityGlobals) = postSolution
		SolutionGuid = {5F3F70A9-10EB-4045-A8C1-D74CBDD46F95}
	EndGlobalSection
EndGlobal
